{
  "pins" : [
    {
      "identity" : "matchable",
      "kind" : "remoteSourceControl",
      "location" : "https://github.com/elegantchaos/Matchable.git",
      "state" : {
        "revision" : "0f523c77bf4b0dbbdc0838b952262ed45fab17f8",
        "version" : "1.0.6"
      }
    },
    {
      "identity" : "xctestextensions",
      "kind" : "remoteSourceControl",
      "location" : "https://github.com/elegantchaos/XCTestExtensions",
      "state" : {
        "revision" : "92d950655e71c932c40ccac4727da332afe5ae93",
        "version" : "1.4.6"
      }
    }
  ],
  "version" : 2
}
